<Solution>
  <Folder Name="/src/">
    <Project Path="src/Nexo.App/Nexo.App.csproj" />
    <Project Path="src/Nexo.Core/Nexo.Core.csproj" />
    <Project Path="src/Nexo.Windows/Nexo.Windows.csproj" />
  </Folder>
  <Folder Name="/tests/">
    <Project Path="tests/Nexo.Core.Tests/Nexo.Core.Tests.csproj" />
    <Project Path="tests/Nexo.Windows.Tests/Nexo.Windows.Tests.csproj" />
  </Folder>
</Solution>
